
Microsoft Visual Studio Solution File, Format Version 12.00
# Visual Studio 2012
Project("{FAE04EC0-301F-11D3-BF4B-00C04F79EFBC}") = "StreetBasketball.Android", "StreetBasketball.Android\StreetBasketball.Android.csproj", "{ED1F7F87-C639-4A16-8B1C-7868724FDAE8}"
EndProject
Project("{FAE04EC0-301F-11D3-BF4B-00C04F79EFBC}") = "StreetBasketball.iOS", "StreetBasketball.iOS\StreetBasketball.iOS.csproj", "{A611AB69-A626-45CB-863F-D7EF84720BE4}"
EndProject
Project("{FAE04EC0-301F-11D3-BF4B-00C04F79EFBC}") = "StreetBasketball.UITests", "StreetBasketball.UITests\StreetBasketball.UITests.csproj", "{B19C892E-2628-4CA7-AD27-08D406A3B14B}"
EndProject
Project("{FAE04EC0-301F-11D3-BF4B-00C04F79EFBC}") = "StreetBasketball", "StreetBasketball\StreetBasketball.csproj", "{58E9DE88-47ED-480B-995E-A0D238524948}"
EndProject
Global
	GlobalSection(SolutionConfigurationPlatforms) = preSolution
		Debug|Any CPU = Debug|Any CPU
		Release|Any CPU = Release|Any CPU
		Debug|iPhoneSimulator = Debug|iPhoneSimulator
		Release|iPhoneSimulator = Release|iPhoneSimulator
		Debug|iPhone = Debug|iPhone
		Release|iPhone = Release|iPhone
		Ad-Hoc|iPhone = Ad-Hoc|iPhone
		AppStore|iPhone = AppStore|iPhone
	EndGlobalSection
	GlobalSection(ProjectConfigurationPlatforms) = postSolution
		{ED1F7F87-C639-4A16-8B1C-7868724FDAE8}.Debug|Any CPU.ActiveCfg = Debug|Any CPU
		{ED1F7F87-C639-4A16-8B1C-7868724FDAE8}.Debug|Any CPU.Build.0 = Debug|Any CPU
		{ED1F7F87-C639-4A16-8B1C-7868724FDAE8}.Release|Any CPU.ActiveCfg = Release|Any CPU
		{ED1F7F87-C639-4A16-8B1C-7868724FDAE8}.Release|Any CPU.Build.0 = Release|Any CPU
		{ED1F7F87-C639-4A16-8B1C-7868724FDAE8}.Debug|iPhoneSimulator.ActiveCfg = Debug|Any CPU
		{ED1F7F87-C639-4A16-8B1C-7868724FDAE8}.Debug|iPhoneSimulator.Build.0 = Debug|Any CPU
		{ED1F7F87-C639-4A16-8B1C-7868724FDAE8}.Release|iPhoneSimulator.ActiveCfg = Release|Any CPU
		{ED1F7F87-C639-4A16-8B1C-7868724FDAE8}.Release|iPhoneSimulator.Build.0 = Release|Any CPU
		{ED1F7F87-C639-4A16-8B1C-7868724FDAE8}.Debug|iPhone.ActiveCfg = Debug|Any CPU
		{ED1F7F87-C639-4A16-8B1C-7868724FDAE8}.Debug|iPhone.Build.0 = Debug|Any CPU
		{ED1F7F87-C639-4A16-8B1C-7868724FDAE8}.Release|iPhone.ActiveCfg = Release|Any CPU
		{ED1F7F87-C639-4A16-8B1C-7868724FDAE8}.Release|iPhone.Build.0 = Release|Any CPU
		{ED1F7F87-C639-4A16-8B1C-7868724FDAE8}.Ad-Hoc|iPhone.ActiveCfg = Debug|Any CPU
		{ED1F7F87-C639-4A16-8B1C-7868724FDAE8}.Ad-Hoc|iPhone.Build.0 = Debug|Any CPU
		{ED1F7F87-C639-4A16-8B1C-7868724FDAE8}.AppStore|iPhone.ActiveCfg = Debug|Any CPU
		{ED1F7F87-C639-4A16-8B1C-7868724FDAE8}.AppStore|iPhone.Build.0 = Debug|Any CPU
		{A611AB69-A626-45CB-863F-D7EF84720BE4}.Debug|Any CPU.ActiveCfg = Debug|iPhoneSimulator
		{A611AB69-A626-45CB-863F-D7EF84720BE4}.Debug|Any CPU.Build.0 = Debug|iPhoneSimulator
		{A611AB69-A626-45CB-863F-D7EF84720BE4}.Release|Any CPU.ActiveCfg = Release|iPhoneSimulator
		{A611AB69-A626-45CB-863F-D7EF84720BE4}.Release|Any CPU.Build.0 = Release|iPhoneSimulator
		{A611AB69-A626-45CB-863F-D7EF84720BE4}.Debug|iPhoneSimulator.ActiveCfg = Debug|iPhoneSimulator
		{A611AB69-A626-45CB-863F-D7EF84720BE4}.Debug|iPhoneSimulator.Build.0 = Debug|iPhoneSimulator
		{A611AB69-A626-45CB-863F-D7EF84720BE4}.Release|iPhoneSimulator.ActiveCfg = Release|iPhoneSimulator
		{A611AB69-A626-45CB-863F-D7EF84720BE4}.Release|iPhoneSimulator.Build.0 = Release|iPhoneSimulator
		{A611AB69-A626-45CB-863F-D7EF84720BE4}.Debug|iPhone.ActiveCfg = Debug|iPhone
		{A611AB69-A626-45CB-863F-D7EF84720BE4}.Debug|iPhone.Build.0 = Debug|iPhone
		{A611AB69-A626-45CB-863F-D7EF84720BE4}.Release|iPhone.ActiveCfg = Release|iPhone
		{A611AB69-A626-45CB-863F-D7EF84720BE4}.Release|iPhone.Build.0 = Release|iPhone
		{A611AB69-A626-45CB-863F-D7EF84720BE4}.Ad-Hoc|iPhone.ActiveCfg = Ad-Hoc|iPhone
		{A611AB69-A626-45CB-863F-D7EF84720BE4}.Ad-Hoc|iPhone.Build.0 = Ad-Hoc|iPhone
		{A611AB69-A626-45CB-863F-D7EF84720BE4}.AppStore|iPhone.ActiveCfg = AppStore|iPhone
		{A611AB69-A626-45CB-863F-D7EF84720BE4}.AppStore|iPhone.Build.0 = AppStore|iPhone
		{B19C892E-2628-4CA7-AD27-08D406A3B14B}.Debug|Any CPU.ActiveCfg = Debug|Any CPU
		{B19C892E-2628-4CA7-AD27-08D406A3B14B}.Debug|Any CPU.Build.0 = Debug|Any CPU
		{B19C892E-2628-4CA7-AD27-08D406A3B14B}.Release|Any CPU.ActiveCfg = Release|Any CPU
		{B19C892E-2628-4CA7-AD27-08D406A3B14B}.Release|Any CPU.Build.0 = Release|Any CPU
		{B19C892E-2628-4CA7-AD27-08D406A3B14B}.Debug|iPhoneSimulator.ActiveCfg = Debug|Any CPU
		{B19C892E-2628-4CA7-AD27-08D406A3B14B}.Debug|iPhoneSimulator.Build.0 = Debug|Any CPU
		{B19C892E-2628-4CA7-AD27-08D406A3B14B}.Release|iPhoneSimulator.ActiveCfg = Release|Any CPU
		{B19C892E-2628-4CA7-AD27-08D406A3B14B}.Release|iPhoneSimulator.Build.0 = Release|Any CPU
		{B19C892E-2628-4CA7-AD27-08D406A3B14B}.Debug|iPhone.ActiveCfg = Debug|Any CPU
		{B19C892E-2628-4CA7-AD27-08D406A3B14B}.Debug|iPhone.Build.0 = Debug|Any CPU
		{B19C892E-2628-4CA7-AD27-08D406A3B14B}.Release|iPhone.ActiveCfg = Release|Any CPU
		{B19C892E-2628-4CA7-AD27-08D406A3B14B}.Release|iPhone.Build.0 = Release|Any CPU
		{B19C892E-2628-4CA7-AD27-08D406A3B14B}.Ad-Hoc|iPhone.ActiveCfg = Debug|Any CPU
		{B19C892E-2628-4CA7-AD27-08D406A3B14B}.Ad-Hoc|iPhone.Build.0 = Debug|Any CPU
		{B19C892E-2628-4CA7-AD27-08D406A3B14B}.AppStore|iPhone.ActiveCfg = Debug|Any CPU
		{B19C892E-2628-4CA7-AD27-08D406A3B14B}.AppStore|iPhone.Build.0 = Debug|Any CPU
		{58E9DE88-47ED-480B-995E-A0D238524948}.Debug|Any CPU.ActiveCfg = Debug|Any CPU
		{58E9DE88-47ED-480B-995E-A0D238524948}.Debug|Any CPU.Build.0 = Debug|Any CPU
		{58E9DE88-47ED-480B-995E-A0D238524948}.Release|Any CPU.ActiveCfg = Release|Any CPU
		{58E9DE88-47ED-480B-995E-A0D238524948}.Release|Any CPU.Build.0 = Release|Any CPU
		{58E9DE88-47ED-480B-995E-A0D238524948}.Debug|iPhoneSimulator.ActiveCfg = Debug|Any CPU
		{58E9DE88-47ED-480B-995E-A0D238524948}.Debug|iPhoneSimulator.Build.0 = Debug|Any CPU
		{58E9DE88-47ED-480B-995E-A0D238524948}.Release|iPhoneSimulator.ActiveCfg = Release|Any CPU
		{58E9DE88-47ED-480B-995E-A0D238524948}.Release|iPhoneSimulator.Build.0 = Release|Any CPU
		{58E9DE88-47ED-480B-995E-A0D238524948}.Debug|iPhone.ActiveCfg = Debug|Any CPU
		{58E9DE88-47ED-480B-995E-A0D238524948}.Debug|iPhone.Build.0 = Debug|Any CPU
		{58E9DE88-47ED-480B-995E-A0D238524948}.Release|iPhone.ActiveCfg = Release|Any CPU
		{58E9DE88-47ED-480B-995E-A0D238524948}.Release|iPhone.Build.0 = Release|Any CPU
		{58E9DE88-47ED-480B-995E-A0D238524948}.Ad-Hoc|iPhone.ActiveCfg = Debug|Any CPU
		{58E9DE88-47ED-480B-995E-A0D238524948}.Ad-Hoc|iPhone.Build.0 = Debug|Any CPU
		{58E9DE88-47ED-480B-995E-A0D238524948}.AppStore|iPhone.ActiveCfg = Debug|Any CPU
		{58E9DE88-47ED-480B-995E-A0D238524948}.AppStore|iPhone.Build.0 = Debug|Any CPU
	EndGlobalSection
EndGlobal
